
Microsoft Visual Studio Solution File, Format Version 12.00
# Visual Studio 15
VisualStudioVersion = 15.0.27703.2026
MinimumVisualStudioVersion = 10.0.40219.1
Project("{FAE04EC0-301F-11D3-BF4B-00C04F79EFBC}") = "ServiceManager", "ServiceManager\ServiceManager.csproj", "{E5C48470-449B-4B53-BE53-51AD26EAD6D5}"
EndProject
Project("{FAE04EC0-301F-11D3-BF4B-00C04F79EFBC}") = "DataManagerService", "DataManagerService\DataManagerService.csproj", "{C7C5A8A1-893C-403A-AB6D-93A95F2A6A65}"
EndProject
Project("{FAE04EC0-301F-11D3-BF4B-00C04F79EFBC}") = "Models", "Models\Models.csproj", "{B5E7E0D9-6FEB-43C3-8F00-00C8ACB02915}"
EndProject
Project("{FAE04EC0-301F-11D3-BF4B-00C04F79EFBC}") = "ContactManagerAPI", "ContactManagerAPI\ContactManagerAPI.csproj", "{17460AB3-2BFB-45E7-9C51-FBD10E996C1A}"
EndProject
Project("{FAE04EC0-301F-11D3-BF4B-00C04F79EFBC}") = "Common", "Common\Common.csproj", "{04DCC4CD-B82B-424A-840E-9B0D6D53D616}"
EndProject
Global
	GlobalSection(SolutionConfigurationPlatforms) = preSolution
		Debug|Any CPU = Debug|Any CPU
		Release|Any CPU = Release|Any CPU
	EndGlobalSection
	GlobalSection(ProjectConfigurationPlatforms) = postSolution
		{E5C48470-449B-4B53-BE53-51AD26EAD6D5}.Debug|Any CPU.ActiveCfg = Debug|Any CPU
		{E5C48470-449B-4B53-BE53-51AD26EAD6D5}.Debug|Any CPU.Build.0 = Debug|Any CPU
		{E5C48470-449B-4B53-BE53-51AD26EAD6D5}.Release|Any CPU.ActiveCfg = Release|Any CPU
		{E5C48470-449B-4B53-BE53-51AD26EAD6D5}.Release|Any CPU.Build.0 = Release|Any CPU
		{C7C5A8A1-893C-403A-AB6D-93A95F2A6A65}.Debug|Any CPU.ActiveCfg = Debug|Any CPU
		{C7C5A8A1-893C-403A-AB6D-93A95F2A6A65}.Debug|Any CPU.Build.0 = Debug|Any CPU
		{C7C5A8A1-893C-403A-AB6D-93A95F2A6A65}.Release|Any CPU.ActiveCfg = Release|Any CPU
		{C7C5A8A1-893C-403A-AB6D-93A95F2A6A65}.Release|Any CPU.Build.0 = Release|Any CPU
		{B5E7E0D9-6FEB-43C3-8F00-00C8ACB02915}.Debug|Any CPU.ActiveCfg = Debug|Any CPU
		{B5E7E0D9-6FEB-43C3-8F00-00C8ACB02915}.Debug|Any CPU.Build.0 = Debug|Any CPU
		{B5E7E0D9-6FEB-43C3-8F00-00C8ACB02915}.Release|Any CPU.ActiveCfg = Release|Any CPU
		{B5E7E0D9-6FEB-43C3-8F00-00C8ACB02915}.Release|Any CPU.Build.0 = Release|Any CPU
		{17460AB3-2BFB-45E7-9C51-FBD10E996C1A}.Debug|Any CPU.ActiveCfg = Debug|Any CPU
		{17460AB3-2BFB-45E7-9C51-FBD10E996C1A}.Debug|Any CPU.Build.0 = Debug|Any CPU
		{17460AB3-2BFB-45E7-9C51-FBD10E996C1A}.Release|Any CPU.ActiveCfg = Release|Any CPU
		{17460AB3-2BFB-45E7-9C51-FBD10E996C1A}.Release|Any CPU.Build.0 = Release|Any CPU
		{04DCC4CD-B82B-424A-840E-9B0D6D53D616}.Debug|Any CPU.ActiveCfg = Debug|Any CPU
		{04DCC4CD-B82B-424A-840E-9B0D6D53D616}.Debug|Any CPU.Build.0 = Debug|Any CPU
		{04DCC4CD-B82B-424A-840E-9B0D6D53D616}.Release|Any CPU.ActiveCfg = Release|Any CPU
		{04DCC4CD-B82B-424A-840E-9B0D6D53D616}.Release|Any CPU.Build.0 = Release|Any CPU
	EndGlobalSection
	GlobalSection(SolutionProperties) = preSolution
		HideSolutionNode = FALSE
	EndGlobalSection
	GlobalSection(ExtensibilityGlobals) = postSolution
		SolutionGuid = {55CFDDC0-6725-415D-9BBC-0EC6A3132695}
	EndGlobalSection
EndGlobal
